codeberg.org/t73fde/sxhtml v0.0.0-20230228125620-7fd1ce51f3e6 h1:Xu9EcEAyfcuM9LI8FPqySJf9uJ42l+kYHOduqppc+f8=
codeberg.org/t73fde/sxhtml v0.0.0-20230228125620-7fd1ce51f3e6/go.mod h1:9aEOS8xHYcuRJmVYNm1y0PHj6FsQRYe7BGGHCa2fu/g=
codeberg.org/t73fde/sxpf v0.0.0-20230228125420-0cca9b515bfc h1:SsruwG0dljmVeT9yCjkNzQjtDd9uLPARaufS12Q8lHo=
codeberg.org/t73fde/sxpf v0.0.0-20230228125420-0cca9b515bfc/go.mod h1:iSbMygOmtRQYp8pryNKYzRuMibYDSR80smU2b6qm1bc=
