codeberg.org/t73fde/sxhtml v0.0.0-20230227174916-ef2ad81643c0 h1:18ZwtCFc3Er4z3vvnse+fY38pOp+ZQz6y7H+Gv7fuec=
codeberg.org/t73fde/sxhtml v0.0.0-20230227174916-ef2ad81643c0/go.mod h1:z9naH+5WUsglj0LChmiMPpqsz0WHP+gNXQVaUA7F4x8=
codeberg.org/t73fde/sxpf v0.0.0-20230222145236-7ac5646ca485 h1:yCfupv0yjIl3lQ782G5SR9K4nKINQG4/26guLqc7IAo=
codeberg.org/t73fde/sxpf v0.0.0-20230222145236-7ac5646ca485/go.mod h1:iSbMygOmtRQYp8pryNKYzRuMibYDSR80smU2b6qm1bc=
